
Microsoft Visual Studio Solution File, Format Version 12.00
# Visual Studio Version 17
VisualStudioVersion = 17.10.35027.167
MinimumVisualStudioVersion = 10.0.40219.1
Project("{FAE04EC0-301F-11D3-BF4B-00C04F79EFBC}") = "ConversoesCSharp", "ConversoesCSharp\ConversoesCSharp.csproj", "{81FCCAEF-AE09-4153-8790-23D5C25D598E}"
EndProject
Global
	GlobalSection(SolutionConfigurationPlatforms) = preSolution
		Debug|Any CPU = Debug|Any CPU
		Release|Any CPU = Release|Any CPU
	EndGlobalSection
	GlobalSection(ProjectConfigurationPlatforms) = postSolution
		{81FCCAEF-AE09-4153-8790-23D5C25D598E}.Debug|Any CPU.ActiveCfg = Debug|Any CPU
		{81FCCAEF-AE09-4153-8790-23D5C25D598E}.Debug|Any CPU.Build.0 = Debug|Any CPU
		{81FCCAEF-AE09-4153-8790-23D5C25D598E}.Release|Any CPU.ActiveCfg = Release|Any CPU
		{81FCCAEF-AE09-4153-8790-23D5C25D598E}.Release|Any CPU.Build.0 = Release|Any CPU
	EndGlobalSection
	GlobalSection(SolutionProperties) = preSolution
		HideSolutionNode = FALSE
	EndGlobalSection
	GlobalSection(ExtensibilityGlobals) = postSolution
		SolutionGuid = {21F041F4-D918-4616-9243-C83AB9063326}
	EndGlobalSection
EndGlobal
