
Microsoft Visual Studio Solution File, Format Version 12.00
# Visual Studio Version 17
VisualStudioVersion = 17.10.35027.167
MinimumVisualStudioVersion = 10.0.40219.1
Project("{FAE04EC0-301F-11D3-BF4B-00C04F79EFBC}") = "C#DiretoAoPonto", "C#DiretoAoPonto\C#DiretoAoPonto.csproj", "{BA466D45-243F-4A2C-B478-34A2D97F5F7E}"
EndProject
Global
	GlobalSection(SolutionConfigurationPlatforms) = preSolution
		Debug|Any CPU = Debug|Any CPU
		Release|Any CPU = Release|Any CPU
	EndGlobalSection
	GlobalSection(ProjectConfigurationPlatforms) = postSolution
		{BA466D45-243F-4A2C-B478-34A2D97F5F7E}.Debug|Any CPU.ActiveCfg = Debug|Any CPU
		{BA466D45-243F-4A2C-B478-34A2D97F5F7E}.Debug|Any CPU.Build.0 = Debug|Any CPU
		{BA466D45-243F-4A2C-B478-34A2D97F5F7E}.Release|Any CPU.ActiveCfg = Release|Any CPU
		{BA466D45-243F-4A2C-B478-34A2D97F5F7E}.Release|Any CPU.Build.0 = Release|Any CPU
	EndGlobalSection
	GlobalSection(SolutionProperties) = preSolution
		HideSolutionNode = FALSE
	EndGlobalSection
	GlobalSection(ExtensibilityGlobals) = postSolution
		SolutionGuid = {9AB236BF-8FBA-4EF8-83D5-09F9BE110F5D}
	EndGlobalSection
EndGlobal
