
Microsoft Visual Studio Solution File, Format Version 12.00
# Visual Studio Version 17
VisualStudioVersion = 17.10.35027.167
MinimumVisualStudioVersion = 10.0.40219.1
Project("{FAE04EC0-301F-11D3-BF4B-00C04F79EFBC}") = "ConsoleApp1", "ConsoleApp1\ConsoleApp1.csproj", "{8489BE11-6803-4B99-B8A3-1C39B95DB4A2}"
EndProject
Global
	GlobalSection(SolutionConfigurationPlatforms) = preSolution
		Debug|Any CPU = Debug|Any CPU
		Release|Any CPU = Release|Any CPU
	EndGlobalSection
	GlobalSection(ProjectConfigurationPlatforms) = postSolution
		{8489BE11-6803-4B99-B8A3-1C39B95DB4A2}.Debug|Any CPU.ActiveCfg = Debug|Any CPU
		{8489BE11-6803-4B99-B8A3-1C39B95DB4A2}.Debug|Any CPU.Build.0 = Debug|Any CPU
		{8489BE11-6803-4B99-B8A3-1C39B95DB4A2}.Release|Any CPU.ActiveCfg = Release|Any CPU
		{8489BE11-6803-4B99-B8A3-1C39B95DB4A2}.Release|Any CPU.Build.0 = Release|Any CPU
	EndGlobalSection
	GlobalSection(SolutionProperties) = preSolution
		HideSolutionNode = FALSE
	EndGlobalSection
	GlobalSection(ExtensibilityGlobals) = postSolution
		SolutionGuid = {18CA79A6-379D-4EF7-9FB3-C54C48624E91}
	EndGlobalSection
EndGlobal
