
Microsoft Visual Studio Solution File, Format Version 12.00
# Visual Studio Version 17
VisualStudioVersion = 17.10.35027.167
MinimumVisualStudioVersion = 10.0.40219.1
Project("{FAE04EC0-301F-11D3-BF4B-00C04F79EFBC}") = "CDireto", "CDireto\CDireto.csproj", "{CE2FCA38-F88A-49DA-A2B7-75847ED96CC3}"
EndProject
Global
	GlobalSection(SolutionConfigurationPlatforms) = preSolution
		Debug|Any CPU = Debug|Any CPU
		Release|Any CPU = Release|Any CPU
	EndGlobalSection
	GlobalSection(ProjectConfigurationPlatforms) = postSolution
		{CE2FCA38-F88A-49DA-A2B7-75847ED96CC3}.Debug|Any CPU.ActiveCfg = Debug|Any CPU
		{CE2FCA38-F88A-49DA-A2B7-75847ED96CC3}.Debug|Any CPU.Build.0 = Debug|Any CPU
		{CE2FCA38-F88A-49DA-A2B7-75847ED96CC3}.Release|Any CPU.ActiveCfg = Release|Any CPU
		{CE2FCA38-F88A-49DA-A2B7-75847ED96CC3}.Release|Any CPU.Build.0 = Release|Any CPU
	EndGlobalSection
	GlobalSection(SolutionProperties) = preSolution
		HideSolutionNode = FALSE
	EndGlobalSection
	GlobalSection(ExtensibilityGlobals) = postSolution
		SolutionGuid = {269CB04D-1BD1-4B76-9625-F25435530858}
	EndGlobalSection
EndGlobal
